
Microsoft Visual Studio Solution File, Format Version 12.00
# Visual Studio 15
VisualStudioVersion = 15.0.27703.2026
MinimumVisualStudioVersion = 10.0.40219.1
Project("{888888A0-9F3D-457C-B088-3A5042F75D52}") = "DataAnalysis", "DataAnalysis\DataAnalysis.pyproj", "{D9D1A2AE-9926-46E5-A77C-D012682687F0}"
EndProject
Global
	GlobalSection(SolutionConfigurationPlatforms) = preSolution
		Debug|Any CPU = Debug|Any CPU
		Release|Any CPU = Release|Any CPU
	EndGlobalSection
	GlobalSection(ProjectConfigurationPlatforms) = postSolution
		{D9D1A2AE-9926-46E5-A77C-D012682687F0}.Debug|Any CPU.ActiveCfg = Debug|Any CPU
		{D9D1A2AE-9926-46E5-A77C-D012682687F0}.Release|Any CPU.ActiveCfg = Release|Any CPU
	EndGlobalSection
	GlobalSection(SolutionProperties) = preSolution
		HideSolutionNode = FALSE
	EndGlobalSection
	GlobalSection(ExtensibilityGlobals) = postSolution
		SolutionGuid = {D465F4B7-CD96-4CAC-9ED3-63D10513B1E3}
	EndGlobalSection
EndGlobal
